// !$*UTF8*$!
{
	archiveVersion = 1;
	classes = {
	};
	objectVersion = 55;
	objects = {

/* Begin PBXBuildFile section */
		2B8C279AE1C022EF87F02D79 /* Pods_Combinestagram_RxSwift.framework in Frameworks */ = {isa = PBXBuildFile; fileRef = 27319224BEEF91C85F4FA474 /* Pods_Combinestagram_RxSwift.framework */; };
		980A674F2C15C053000DA0B5 /* UIViewController+Rx.swift in Sources */ = {isa = PBXBuildFile; fileRef = 980A674E2C15C053000DA0B5 /* UIViewController+Rx.swift */; };
		985E857A2C157EA200785952 /* Main.storyboard in Resources */ = {isa = PBXBuildFile; fileRef = 98D9C2FB2C154853001AF7E0 /* Main.storyboard */; };
		985E857B2C157EA200785952 /* LaunchScreen.storyboard in Resources */ = {isa = PBXBuildFile; fileRef = 98D9C3002C154856001AF7E0 /* LaunchScreen.storyboard */; };
		987C8C732C1DB9CE009E8BD9 /* PHPhotoLibrary+Rx.swift in Sources */ = {isa = PBXBuildFile; fileRef = 987C8C722C1DB9CE009E8BD9 /* PHPhotoLibrary+Rx.swift */; };
		98D9C2F62C154853001AF7E0 /* AppDelegate.swift in Sources */ = {isa = PBXBuildFile; fileRef = 98D9C2F52C154853001AF7E0 /* AppDelegate.swift */; };
		98D9C2F82C154853001AF7E0 /* SceneDelegate.swift in Sources */ = {isa = PBXBuildFile; fileRef = 98D9C2F72C154853001AF7E0 /* SceneDelegate.swift */; };
		98D9C2FF2C154856001AF7E0 /* Assets.xcassets in Resources */ = {isa = PBXBuildFile; fileRef = 98D9C2FE2C154856001AF7E0 /* Assets.xcassets */; };
		98D9C30E2C155097001AF7E0 /* UIImage+Collage.swift in Sources */ = {isa = PBXBuildFile; fileRef = 98D9C30D2C155097001AF7E0 /* UIImage+Collage.swift */; };
		98D9C3102C15510C001AF7E0 /* PhotoWriter.swift in Sources */ = {isa = PBXBuildFile; fileRef = 98D9C30F2C15510C001AF7E0 /* PhotoWriter.swift */; };
		98D9C3122C1556BB001AF7E0 /* MainViewController.swift in Sources */ = {isa = PBXBuildFile; fileRef = 98D9C3112C1556BB001AF7E0 /* MainViewController.swift */; };
		98D9C3142C1558C7001AF7E0 /* PhotosViewController.swift in Sources */ = {isa = PBXBuildFile; fileRef = 98D9C3132C1558C7001AF7E0 /* PhotosViewController.swift */; };
		98D9C3162C1561FE001AF7E0 /* PhotoCell.swift in Sources */ = {isa = PBXBuildFile; fileRef = 98D9C3152C1561FE001AF7E0 /* PhotoCell.swift */; };
/* End PBXBuildFile section */

/* Begin PBXFileReference section */
		27319224BEEF91C85F4FA474 /* Pods_Combinestagram_RxSwift.framework */ = {isa = PBXFileReference; explicitFileType = wrapper.framework; includeInIndex = 0; path = Pods_Combinestagram_RxSwift.framework; sourceTree = BUILT_PRODUCTS_DIR; };
		980A674E2C15C053000DA0B5 /* UIViewController+Rx.swift */ = {isa = PBXFileReference; lastKnownFileType = sourcecode.swift; path = "UIViewController+Rx.swift"; sourceTree = "<group>"; };
		987C8C722C1DB9CE009E8BD9 /* PHPhotoLibrary+Rx.swift */ = {isa = PBXFileReference; lastKnownFileType = sourcecode.swift; path = "PHPhotoLibrary+Rx.swift"; sourceTree = "<group>"; };
		98D9C2F22C154853001AF7E0 /* Combinestagram-RxSwift.app */ = {isa = PBXFileReference; explicitFileType = wrapper.application; includeInIndex = 0; path = "Combinestagram-RxSwift.app"; sourceTree = BUILT_PRODUCTS_DIR; };
		98D9C2F52C154853001AF7E0 /* AppDelegate.swift */ = {isa = PBXFileReference; lastKnownFileType = sourcecode.swift; path = AppDelegate.swift; sourceTree = "<group>"; };
		98D9C2F72C154853001AF7E0 /* SceneDelegate.swift */ = {isa = PBXFileReference; lastKnownFileType = sourcecode.swift; path = SceneDelegate.swift; sourceTree = "<group>"; };
		98D9C2FC2C154853001AF7E0 /* Base */ = {isa = PBXFileReference; lastKnownFileType = file.storyboard; name = Base; path = Base.lproj/Main.storyboard; sourceTree = "<group>"; };
		98D9C2FE2C154856001AF7E0 /* Assets.xcassets */ = {isa = PBXFileReference; lastKnownFileType = folder.assetcatalog; path = Assets.xcassets; sourceTree = "<group>"; };
		98D9C3012C154856001AF7E0 /* Base */ = {isa = PBXFileReference; lastKnownFileType = file.storyboard; name = Base; path = Base.lproj/LaunchScreen.storyboard; sourceTree = "<group>"; };
		98D9C3032C154856001AF7E0 /* Info.plist */ = {isa = PBXFileReference; lastKnownFileType = text.plist.xml; path = Info.plist; sourceTree = "<group>"; };
		98D9C30D2C155097001AF7E0 /* UIImage+Collage.swift */ = {isa = PBXFileReference; lastKnownFileType = sourcecode.swift; path = "UIImage+Collage.swift"; sourceTree = "<group>"; };
		98D9C30F2C15510C001AF7E0 /* PhotoWriter.swift */ = {isa = PBXFileReference; lastKnownFileType = sourcecode.swift; path = PhotoWriter.swift; sourceTree = "<group>"; };
		98D9C3112C1556BB001AF7E0 /* MainViewController.swift */ = {isa = PBXFileReference; lastKnownFileType = sourcecode.swift; path = MainViewController.swift; sourceTree = "<group>"; };
		98D9C3132C1558C7001AF7E0 /* PhotosViewController.swift */ = {isa = PBXFileReference; lastKnownFileType = sourcecode.swift; path = PhotosViewController.swift; sourceTree = "<group>"; };
		98D9C3152C1561FE001AF7E0 /* PhotoCell.swift */ = {isa = PBXFileReference; lastKnownFileType = sourcecode.swift; path = PhotoCell.swift; sourceTree = "<group>"; };
		9FE1C0E6F34FEE074A6AD70B /* Pods-Combinestagram-RxSwift.release.xcconfig */ = {isa = PBXFileReference; includeInIndex = 1; lastKnownFileType = text.xcconfig; name = "Pods-Combinestagram-RxSwift.release.xcconfig"; path = "Target Support Files/Pods-Combinestagram-RxSwift/Pods-Combinestagram-RxSwift.release.xcconfig"; sourceTree = "<group>"; };
		B810FA50BECD3D9529BDA9C2 /* Pods-Combinestagram-RxSwift.debug.xcconfig */ = {isa = PBXFileReference; includeInIndex = 1; lastKnownFileType = text.xcconfig; name = "Pods-Combinestagram-RxSwift.debug.xcconfig"; path = "Target Support Files/Pods-Combinestagram-RxSwift/Pods-Combinestagram-RxSwift.debug.xcconfig"; sourceTree = "<group>"; };
/* End PBXFileReference section */

/* Begin PBXFrameworksBuildPhase section */
		98D9C2EF2C154853001AF7E0 /* Frameworks */ = {
			isa = PBXFrameworksBuildPhase;
			buildActionMask = 2147483647;
			files = (
				2B8C279AE1C022EF87F02D79 /* Pods_Combinestagram_RxSwift.framework in Frameworks */,
			);
			runOnlyForDeploymentPostprocessing = 0;
		};
/* End PBXFrameworksBuildPhase section */

/* Begin PBXGroup section */
		98D9C2E92C154853001AF7E0 = {
			isa = PBXGroup;
			children = (
				98D9C2F42C154853001AF7E0 /* Combinestagram-RxSwift */,
				98D9C2F32C154853001AF7E0 /* Products */,
				B76880D467DB37738707B9FD /* Pods */,
				FA3D72EC2581E583B184332B /* Frameworks */,
			);
			sourceTree = "<group>";
		};
		98D9C2F32C154853001AF7E0 /* Products */ = {
			isa = PBXGroup;
			children = (
				98D9C2F22C154853001AF7E0 /* Combinestagram-RxSwift.app */,
			);
			name = Products;
			sourceTree = "<group>";
		};
		98D9C2F42C154853001AF7E0 /* Combinestagram-RxSwift */ = {
			isa = PBXGroup;
			children = (
				98D9C30C2C154F49001AF7E0 /* Classes */,
				98D9C30B2C154F29001AF7E0 /* Assets */,
				98D9C3112C1556BB001AF7E0 /* MainViewController.swift */,
				98D9C3132C1558C7001AF7E0 /* PhotosViewController.swift */,
				98D9C3152C1561FE001AF7E0 /* PhotoCell.swift */,
				980A674E2C15C053000DA0B5 /* UIViewController+Rx.swift */,
				987C8C722C1DB9CE009E8BD9 /* PHPhotoLibrary+Rx.swift */,
			);
			path = "Combinestagram-RxSwift";
			sourceTree = "<group>";
		};
		98D9C30B2C154F29001AF7E0 /* Assets */ = {
			isa = PBXGroup;
			children = (
				98D9C2FB2C154853001AF7E0 /* Main.storyboard */,
				98D9C2FE2C154856001AF7E0 /* Assets.xcassets */,
				98D9C3002C154856001AF7E0 /* LaunchScreen.storyboard */,
				98D9C3032C154856001AF7E0 /* Info.plist */,
			);
			path = Assets;
			sourceTree = "<group>";
		};
		98D9C30C2C154F49001AF7E0 /* Classes */ = {
			isa = PBXGroup;
			children = (
				98D9C2F52C154853001AF7E0 /* AppDelegate.swift */,
				98D9C2F72C154853001AF7E0 /* SceneDelegate.swift */,
				98D9C30D2C155097001AF7E0 /* UIImage+Collage.swift */,
				98D9C30F2C15510C001AF7E0 /* PhotoWriter.swift */,
			);
			path = Classes;
			sourceTree = "<group>";
		};
		B76880D467DB37738707B9FD /* Pods */ = {
			isa = PBXGroup;
			children = (
				B810FA50BECD3D9529BDA9C2 /* Pods-Combinestagram-RxSwift.debug.xcconfig */,
				9FE1C0E6F34FEE074A6AD70B /* Pods-Combinestagram-RxSwift.release.xcconfig */,
			);
			path = Pods;
			sourceTree = "<group>";
		};
		FA3D72EC2581E583B184332B /* Frameworks */ = {
			isa = PBXGroup;
			children = (
				27319224BEEF91C85F4FA474 /* Pods_Combinestagram_RxSwift.framework */,
			);
			name = Frameworks;
			sourceTree = "<group>";
		};
/* End PBXGroup section */

/* Begin PBXNativeTarget section */
		98D9C2F12C154853001AF7E0 /* Combinestagram-RxSwift */ = {
			isa = PBXNativeTarget;
			buildConfigurationList = 98D9C3062C154856001AF7E0 /* Build configuration list for PBXNativeTarget "Combinestagram-RxSwift" */;
			buildPhases = (
				FD33F90791920DF936F38EB3 /* [CP] Check Pods Manifest.lock */,
				98D9C2EE2C154853001AF7E0 /* Sources */,
				98D9C2EF2C154853001AF7E0 /* Frameworks */,
				98D9C2F02C154853001AF7E0 /* Resources */,
				F011E5B05FF668C441F92E87 /* [CP] Embed Pods Frameworks */,
			);
			buildRules = (
			);
			dependencies = (
			);
			name = "Combinestagram-RxSwift";
			productName = "Combinestagram-RxSwift";
			productReference = 98D9C2F22C154853001AF7E0 /* Combinestagram-RxSwift.app */;
			productType = "com.apple.product-type.application";
		};
/* End PBXNativeTarget section */

/* Begin PBXProject section */
		98D9C2EA2C154853001AF7E0 /* Project object */ = {
			isa = PBXProject;
			attributes = {
				BuildIndependentTargetsInParallel = 1;
				LastSwiftUpdateCheck = 1320;
				LastUpgradeCheck = 1320;
				TargetAttributes = {
					98D9C2F12C154853001AF7E0 = {
						CreatedOnToolsVersion = 13.2.1;
					};
				};
			};
			buildConfigurationList = 98D9C2ED2C154853001AF7E0 /* Build configuration list for PBXProject "Combinestagram-RxSwift" */;
			compatibilityVersion = "Xcode 13.0";
			developmentRegion = en;
			hasScannedForEncodings = 0;
			knownRegions = (
				en,
				Base,
			);
			mainGroup = 98D9C2E92C154853001AF7E0;
			productRefGroup = 98D9C2F32C154853001AF7E0 /* Products */;
			projectDirPath = "";
			projectRoot = "";
			targets = (
				98D9C2F12C154853001AF7E0 /* Combinestagram-RxSwift */,
			);
		};
/* End PBXProject section */

/* Begin PBXResourcesBuildPhase section */
		98D9C2F02C154853001AF7E0 /* Resources */ = {
			isa = PBXResourcesBuildPhase;
			buildActionMask = 2147483647;
			files = (
				985E857A2C157EA200785952 /* Main.storyboard in Resources */,
				985E857B2C157EA200785952 /* LaunchScreen.storyboard in Resources */,
				98D9C2FF2C154856001AF7E0 /* Assets.xcassets in Resources */,
			);
			runOnlyForDeploymentPostprocessing = 0;
		};
/* End PBXResourcesBuildPhase section */

/* Begin PBXShellScriptBuildPhase section */
		F011E5B05FF668C441F92E87 /* [CP] Embed Pods Frameworks */ = {
			isa = PBXShellScriptBuildPhase;
			buildActionMask = 2147483647;
			files = (
			);
			inputFileListPaths = (
				"${PODS_ROOT}/Target Support Files/Pods-Combinestagram-RxSwift/Pods-Combinestagram-RxSwift-frameworks-${CONFIGURATION}-input-files.xcfilelist",
			);
			name = "[CP] Embed Pods Frameworks";
			outputFileListPaths = (
				"${PODS_ROOT}/Target Support Files/Pods-Combinestagram-RxSwift/Pods-Combinestagram-RxSwift-frameworks-${CONFIGURATION}-output-files.xcfilelist",
			);
			runOnlyForDeploymentPostprocessing = 0;
			shellPath = /bin/sh;
			shellScript = "\"${PODS_ROOT}/Target Support Files/Pods-Combinestagram-RxSwift/Pods-Combinestagram-RxSwift-frameworks.sh\"\n";
			showEnvVarsInLog = 0;
		};
		FD33F90791920DF936F38EB3 /* [CP] Check Pods Manifest.lock */ = {
			isa = PBXShellScriptBuildPhase;
			buildActionMask = 2147483647;
			files = (
			);
			inputFileListPaths = (
			);
			inputPaths = (
				"${PODS_PODFILE_DIR_PATH}/Podfile.lock",
				"${PODS_ROOT}/Manifest.lock",
			);
			name = "[CP] Check Pods Manifest.lock";
			outputFileListPaths = (
			);
			outputPaths = (
				"$(DERIVED_FILE_DIR)/Pods-Combinestagram-RxSwift-checkManifestLockResult.txt",
			);
			runOnlyForDeploymentPostprocessing = 0;
			shellPath = /bin/sh;
			shellScript = "diff \"${PODS_PODFILE_DIR_PATH}/Podfile.lock\" \"${PODS_ROOT}/Manifest.lock\" > /dev/null\nif [ $? != 0 ] ; then\n    # print error to STDERR\n    echo \"error: The sandbox is not in sync with the Podfile.lock. Run 'pod install' or update your CocoaPods installation.\" >&2\n    exit 1\nfi\n# This output is used by Xcode 'outputs' to avoid re-running this script phase.\necho \"SUCCESS\" > \"${SCRIPT_OUTPUT_FILE_0}\"\n";
			showEnvVarsInLog = 0;
		};
/* End PBXShellScriptBuildPhase section */

/* Begin PBXSourcesBuildPhase section */
		98D9C2EE2C154853001AF7E0 /* Sources */ = {
			isa = PBXSourcesBuildPhase;
			buildActionMask = 2147483647;
			files = (
				98D9C3102C15510C001AF7E0 /* PhotoWriter.swift in Sources */,
				98D9C3162C1561FE001AF7E0 /* PhotoCell.swift in Sources */,
				98D9C2F62C154853001AF7E0 /* AppDelegate.swift in Sources */,
				98D9C3122C1556BB001AF7E0 /* MainViewController.swift in Sources */,
				987C8C732C1DB9CE009E8BD9 /* PHPhotoLibrary+Rx.swift in Sources */,
				98D9C3142C1558C7001AF7E0 /* PhotosViewController.swift in Sources */,
				98D9C2F82C154853001AF7E0 /* SceneDelegate.swift in Sources */,
				980A674F2C15C053000DA0B5 /* UIViewController+Rx.swift in Sources */,
				98D9C30E2C155097001AF7E0 /* UIImage+Collage.swift in Sources */,
			);
			runOnlyForDeploymentPostprocessing = 0;
		};
/* End PBXSourcesBuildPhase section */

/* Begin PBXVariantGroup section */
		98D9C2FB2C154853001AF7E0 /* Main.storyboard */ = {
			isa = PBXVariantGroup;
			children = (
				98D9C2FC2C154853001AF7E0 /* Base */,
			);
			name = Main.storyboard;
			sourceTree = "<group>";
		};
		98D9C3002C154856001AF7E0 /* LaunchScreen.storyboard */ = {
			isa = PBXVariantGroup;
			children = (
				98D9C3012C154856001AF7E0 /* Base */,
			);
			name = LaunchScreen.storyboard;
			sourceTree = "<group>";
		};
/* End PBXVariantGroup section */

/* Begin XCBuildConfiguration section */
		98D9C3042C154856001AF7E0 /* Debug */ = {
			isa = XCBuildConfiguration;
			buildSettings = {
				ALWAYS_SEARCH_USER_PATHS = NO;
				CLANG_ANALYZER_NONNULL = YES;
				CLANG_ANALYZER_NUMBER_OBJECT_CONVERSION = YES_AGGRESSIVE;
				CLANG_CXX_LANGUAGE_STANDARD = "gnu++17";
				CLANG_CXX_LIBRARY = "libc++";
				CLANG_ENABLE_MODULES = YES;
				CLANG_ENABLE_OBJC_ARC = YES;
				CLANG_ENABLE_OBJC_WEAK = YES;
				CLANG_WARN_BLOCK_CAPTURE_AUTORELEASING = YES;
				CLANG_WARN_BOOL_CONVERSION = YES;
				CLANG_WARN_COMMA = YES;
				CLANG_WARN_CONSTANT_CONVERSION = YES;
				CLANG_WARN_DEPRECATED_OBJC_IMPLEMENTATIONS = YES;
				CLANG_WARN_DIRECT_OBJC_ISA_USAGE = YES_ERROR;
				CLANG_WARN_DOCUMENTATION_COMMENTS = YES;
				CLANG_WARN_EMPTY_BODY = YES;
				CLANG_WARN_ENUM_CONVERSION = YES;
				CLANG_WARN_INFINITE_RECURSION = YES;
				CLANG_WARN_INT_CONVERSION = YES;
				CLANG_WARN_NON_LITERAL_NULL_CONVERSION = YES;
				CLANG_WARN_OBJC_IMPLICIT_RETAIN_SELF = YES;
				CLANG_WARN_OBJC_LITERAL_CONVERSION = YES;
				CLANG_WARN_OBJC_ROOT_CLASS = YES_ERROR;
				CLANG_WARN_QUOTED_INCLUDE_IN_FRAMEWORK_HEADER = YES;
				CLANG_WARN_RANGE_LOOP_ANALYSIS = YES;
				CLANG_WARN_STRICT_PROTOTYPES = YES;
				CLANG_WARN_SUSPICIOUS_MOVE = YES;
				CLANG_WARN_UNGUARDED_AVAILABILITY = YES_AGGRESSIVE;
				CLANG_WARN_UNREACHABLE_CODE = YES;
				CLANG_WARN__DUPLICATE_METHOD_MATCH = YES;
				COPY_PHASE_STRIP = NO;
				DEBUG_INFORMATION_FORMAT = dwarf;
				ENABLE_STRICT_OBJC_MSGSEND = YES;
				ENABLE_TESTABILITY = YES;
				GCC_C_LANGUAGE_STANDARD = gnu11;
				GCC_DYNAMIC_NO_PIC = NO;
				GCC_NO_COMMON_BLOCKS = YES;
				GCC_OPTIMIZATION_LEVEL = 0;
				GCC_PREPROCESSOR_DEFINITIONS = (
					"DEBUG=1",
					"$(inherited)",
				);
				GCC_WARN_64_TO_32_BIT_CONVERSION = YES;
				GCC_WARN_ABOUT_RETURN_TYPE = YES_ERROR;
				GCC_WARN_UNDECLARED_SELECTOR = YES;
				GCC_WARN_UNINITIALIZED_AUTOS = YES_AGGRESSIVE;
				GCC_WARN_UNUSED_FUNCTION = YES;
				GCC_WARN_UNUSED_VARIABLE = YES;
				IPHONEOS_DEPLOYMENT_TARGET = 15.2;
				MTL_ENABLE_DEBUG_INFO = INCLUDE_SOURCE;
				MTL_FAST_MATH = YES;
				ONLY_ACTIVE_ARCH = YES;
				SDKROOT = iphoneos;
				SWIFT_ACTIVE_COMPILATION_CONDITIONS = DEBUG;
				SWIFT_OPTIMIZATION_LEVEL = "-Onone";
			};
			name = Debug;
		};
		98D9C3052C154856001AF7E0 /* Release */ = {
			isa = XCBuildConfiguration;
			buildSettings = {
				ALWAYS_SEARCH_USER_PATHS = NO;
				CLANG_ANALYZER_NONNULL = YES;
				CLANG_ANALYZER_NUMBER_OBJECT_CONVERSION = YES_AGGRESSIVE;
				CLANG_CXX_LANGUAGE_STANDARD = "gnu++17";
				CLANG_CXX_LIBRARY = "libc++";
				CLANG_ENABLE_MODULES = YES;
				CLANG_ENABLE_OBJC_ARC = YES;
				CLANG_ENABLE_OBJC_WEAK = YES;
				CLANG_WARN_BLOCK_CAPTURE_AUTORELEASING = YES;
				CLANG_WARN_BOOL_CONVERSION = YES;
				CLANG_WARN_COMMA = YES;
				CLANG_WARN_CONSTANT_CONVERSION = YES;
				CLANG_WARN_DEPRECATED_OBJC_IMPLEMENTATIONS = YES;
				CLANG_WARN_DIRECT_OBJC_ISA_USAGE = YES_ERROR;
				CLANG_WARN_DOCUMENTATION_COMMENTS = YES;
				CLANG_WARN_EMPTY_BODY = YES;
				CLANG_WARN_ENUM_CONVERSION = YES;
				CLANG_WARN_INFINITE_RECURSION = YES;
				CLANG_WARN_INT_CONVERSION = YES;
				CLANG_WARN_NON_LITERAL_NULL_CONVERSION = YES;
				CLANG_WARN_OBJC_IMPLICIT_RETAIN_SELF = YES;
				CLANG_WARN_OBJC_LITERAL_CONVERSION = YES;
				CLANG_WARN_OBJC_ROOT_CLASS = YES_ERROR;
				CLANG_WARN_QUOTED_INCLUDE_IN_FRAMEWORK_HEADER = YES;
				CLANG_WARN_RANGE_LOOP_ANALYSIS = YES;
				CLANG_WARN_STRICT_PROTOTYPES = YES;
				CLANG_WARN_SUSPICIOUS_MOVE = YES;
				CLANG_WARN_UNGUARDED_AVAILABILITY = YES_AGGRESSIVE;
				CLANG_WARN_UNREACHABLE_CODE = YES;
				CLANG_WARN__DUPLICATE_METHOD_MATCH = YES;
				COPY_PHASE_STRIP = NO;
				DEBUG_INFORMATION_FORMAT = "dwarf-with-dsym";
				ENABLE_NS_ASSERTIONS = NO;
				ENABLE_STRICT_OBJC_MSGSEND = YES;
				GCC_C_LANGUAGE_STANDARD = gnu11;
				GCC_NO_COMMON_BLOCKS = YES;
				GCC_WARN_64_TO_32_BIT_CONVERSION = YES;
				GCC_WARN_ABOUT_RETURN_TYPE = YES_ERROR;
				GCC_WARN_UNDECLARED_SELECTOR = YES;
				GCC_WARN_UNINITIALIZED_AUTOS = YES_AGGRESSIVE;
				GCC_WARN_UNUSED_FUNCTION = YES;
				GCC_WARN_UNUSED_VARIABLE = YES;
				IPHONEOS_DEPLOYMENT_TARGET = 15.2;
				MTL_ENABLE_DEBUG_INFO = NO;
				MTL_FAST_MATH = YES;
				SDKROOT = iphoneos;
				SWIFT_COMPILATION_MODE = wholemodule;
				SWIFT_OPTIMIZATION_LEVEL = "-O";
				VALIDATE_PRODUCT = YES;
			};
			name = Release;
		};
		98D9C3072C154856001AF7E0 /* Debug */ = {
			isa = XCBuildConfiguration;
			baseConfigurationReference = B810FA50BECD3D9529BDA9C2 /* Pods-Combinestagram-RxSwift.debug.xcconfig */;
			buildSettings = {
				ASSETCATALOG_COMPILER_APPICON_NAME = AppIcon;
				ASSETCATALOG_COMPILER_GLOBAL_ACCENT_COLOR_NAME = AccentColor;
				CODE_SIGN_STYLE = Automatic;
				CURRENT_PROJECT_VERSION = 1;
				GENERATE_INFOPLIST_FILE = YES;
				INFOPLIST_FILE = "Combinestagram-RxSwift/Assets/Info.plist";
				INFOPLIST_KEY_NSPhotoLibraryUsageDescription = "We need access to your device's photo library to allow you to select photos for your collage";
				INFOPLIST_KEY_UIApplicationSupportsIndirectInputEvents = YES;
				INFOPLIST_KEY_UILaunchStoryboardName = LaunchScreen;
				INFOPLIST_KEY_UIMainStoryboardFile = Main;
				INFOPLIST_KEY_UISupportedInterfaceOrientations_iPad = "UIInterfaceOrientationPortrait UIInterfaceOrientationPortraitUpsideDown UIInterfaceOrientationLandscapeLeft UIInterfaceOrientationLandscapeRight";
				INFOPLIST_KEY_UISupportedInterfaceOrientations_iPhone = "UIInterfaceOrientationPortrait UIInterfaceOrientationLandscapeLeft UIInterfaceOrientationLandscapeRight";
				LD_RUNPATH_SEARCH_PATHS = (
					"$(inherited)",
					"@executable_path/Frameworks",
				);
				MARKETING_VERSION = 1.0;
				PRODUCT_BUNDLE_IDENTIFIER = "com.justin.Combinestagram-RxSwift";
				PRODUCT_NAME = "$(TARGET_NAME)";
				SWIFT_EMIT_LOC_STRINGS = YES;
				SWIFT_VERSION = 5.0;
				TARGETED_DEVICE_FAMILY = "1,2";
			};
			name = Debug;
		};
		98D9C3082C154856001AF7E0 /* Release */ = {
			isa = XCBuildConfiguration;
			baseConfigurationReference = 9FE1C0E6F34FEE074A6AD70B /* Pods-Combinestagram-RxSwift.release.xcconfig */;
			buildSettings = {
				ASSETCATALOG_COMPILER_APPICON_NAME = AppIcon;
				ASSETCATALOG_COMPILER_GLOBAL_ACCENT_COLOR_NAME = AccentColor;
				CODE_SIGN_STYLE = Automatic;
				CURRENT_PROJECT_VERSION = 1;
				GENERATE_INFOPLIST_FILE = YES;
				INFOPLIST_FILE = "Combinestagram-RxSwift/Assets/Info.plist";
				INFOPLIST_KEY_NSPhotoLibraryUsageDescription = "We need access to your device's photo library to allow you to select photos for your collage";
				INFOPLIST_KEY_UIApplicationSupportsIndirectInputEvents = YES;
				INFOPLIST_KEY_UILaunchStoryboardName = LaunchScreen;
				INFOPLIST_KEY_UIMainStoryboardFile = Main;
				INFOPLIST_KEY_UISupportedInterfaceOrientations_iPad = "UIInterfaceOrientationPortrait UIInterfaceOrientationPortraitUpsideDown UIInterfaceOrientationLandscapeLeft UIInterfaceOrientationLandscapeRight";
				INFOPLIST_KEY_UISupportedInterfaceOrientations_iPhone = "UIInterfaceOrientationPortrait UIInterfaceOrientationLandscapeLeft UIInterfaceOrientationLandscapeRight";
				LD_RUNPATH_SEARCH_PATHS = (
					"$(inherited)",
					"@executable_path/Frameworks",
				);
				MARKETING_VERSION = 1.0;
				PRODUCT_BUNDLE_IDENTIFIER = "com.justin.Combinestagram-RxSwift";
				PRODUCT_NAME = "$(TARGET_NAME)";
				SWIFT_EMIT_LOC_STRINGS = YES;
				SWIFT_VERSION = 5.0;
				TARGETED_DEVICE_FAMILY = "1,2";
			};
			name = Release;
		};
/* End XCBuildConfiguration section */

/* Begin XCConfigurationList section */
		98D9C2ED2C154853001AF7E0 /* Build configuration list for PBXProject "Combinestagram-RxSwift" */ = {
			isa = XCConfigurationList;
			buildConfigurations = (
				98D9C3042C154856001AF7E0 /* Debug */,
				98D9C3052C154856001AF7E0 /* Release */,
			);
			defaultConfigurationIsVisible = 0;
			defaultConfigurationName = Release;
		};
		98D9C3062C154856001AF7E0 /* Build configuration list for PBXNativeTarget "Combinestagram-RxSwift" */ = {
			isa = XCConfigurationList;
			buildConfigurations = (
				98D9C3072C154856001AF7E0 /* Debug */,
				98D9C3082C154856001AF7E0 /* Release */,
			);
			defaultConfigurationIsVisible = 0;
			defaultConfigurationName = Release;
		};
/* End XCConfigurationList section */
	};
	rootObject = 98D9C2EA2C154853001AF7E0 /* Project object */;
}
